
Microsoft Visual Studio Solution File, Format Version 12.00
# Visual Studio 15
Project("{FAE04EC0-301F-11D3-BF4B-00C04F79EFBC}") = "blockchain-api", "blockchain-api\blockchain-api.csproj", "{F8837E1F-C1C2-4293-A428-70A9904CEE33}"
EndProject
Global
	GlobalSection(SolutionConfigurationPlatforms) = preSolution
		Debug|Any CPU = Debug|Any CPU
		Release|Any CPU = Release|Any CPU
	EndGlobalSection
	GlobalSection(ProjectConfigurationPlatforms) = postSolution
		{F8837E1F-C1C2-4293-A428-70A9904CEE33}.Debug|Any CPU.ActiveCfg = Debug|Any CPU
		{F8837E1F-C1C2-4293-A428-70A9904CEE33}.Debug|Any CPU.Build.0 = Debug|Any CPU
		{F8837E1F-C1C2-4293-A428-70A9904CEE33}.Release|Any CPU.ActiveCfg = Release|Any CPU
		{F8837E1F-C1C2-4293-A428-70A9904CEE33}.Release|Any CPU.Build.0 = Release|Any CPU
	EndGlobalSection
EndGlobal
